
Microsoft Visual Studio Solution File, Format Version 12.00
# Visual Studio Version 16
VisualStudioVersion = 16.0.29102.190
MinimumVisualStudioVersion = 10.0.40219.1
Project("{FAE04EC0-301F-11D3-BF4B-00C04F79EFBC}") = "FeatureToggles", "FeatureToggles\FeatureToggles.csproj", "{BA473C25-D415-4323-8A7B-A4F34CF4FE43}"
EndProject
Project("{FAE04EC0-301F-11D3-BF4B-00C04F79EFBC}") = "ToggleTests", "ToggleTests\ToggleTests.csproj", "{C16E711D-78AB-4854-AAEC-51635B5C87A1}"
EndProject
Global
	GlobalSection(SolutionConfigurationPlatforms) = preSolution
		Debug|Any CPU = Debug|Any CPU
		Release|Any CPU = Release|Any CPU
	EndGlobalSection
	GlobalSection(ProjectConfigurationPlatforms) = postSolution
		{BA473C25-D415-4323-8A7B-A4F34CF4FE43}.Debug|Any CPU.ActiveCfg = Debug|Any CPU
		{BA473C25-D415-4323-8A7B-A4F34CF4FE43}.Debug|Any CPU.Build.0 = Debug|Any CPU
		{BA473C25-D415-4323-8A7B-A4F34CF4FE43}.Release|Any CPU.ActiveCfg = Release|Any CPU
		{BA473C25-D415-4323-8A7B-A4F34CF4FE43}.Release|Any CPU.Build.0 = Release|Any CPU
		{C16E711D-78AB-4854-AAEC-51635B5C87A1}.Debug|Any CPU.ActiveCfg = Debug|Any CPU
		{C16E711D-78AB-4854-AAEC-51635B5C87A1}.Debug|Any CPU.Build.0 = Debug|Any CPU
		{C16E711D-78AB-4854-AAEC-51635B5C87A1}.Release|Any CPU.ActiveCfg = Release|Any CPU
		{C16E711D-78AB-4854-AAEC-51635B5C87A1}.Release|Any CPU.Build.0 = Release|Any CPU
	EndGlobalSection
	GlobalSection(SolutionProperties) = preSolution
		HideSolutionNode = FALSE
	EndGlobalSection
	GlobalSection(ExtensibilityGlobals) = postSolution
		SolutionGuid = {D38CCCA0-1E84-44A4-9020-DF7800531B30}
	EndGlobalSection
EndGlobal
